{
    "_meta": {
        "hash": {
            "sha256": "33cde9c7701f793d3aa954e316bf2b78d7eba04e0f7d5b7075b59f323a0956fe"
        },
        "pipfile-spec": 6,
        "requires": {
            "python_version": "3.7"
        },
        "sources": [
            {
                "name": "pypi",
                "url": "https://pypi.org/simple",
                "verify_ssl": true
            }
        ]
    },
    "default": {
        "click": {
            "hashes": [
                "sha256:2335065e6395b9e67ca716de5f7526736bfa6ceead690adf616d925bdc622b13",
                "sha256:5b94b49521f6456670fdb30cd82a4eca9412788a93fa6dd6df72c94d5a8ff2d7"
            ],
            "index": "pypi",
            "version": "==7.0"
        },
        "prompt-toolkit": {
            "hashes": [
                "sha256:12e076b21178064b5627f74c4819559c125e31046b55a28d5e024b85fef5617e",
                "sha256:f2289fe9dd7f27c305421bffe880a543b04cc67660796a2a912595dbcd0d209f",
                "sha256:ff58ce8bb82c11c43416dd3eec7701dcbe8c576e2d7649f1d2b9d21a2fd93808"
            ],
            "index": "pypi",
            "version": "==2.0.4"
        },
        "six": {
            "hashes": [
                "sha256:70e8a77beed4562e7f14fe23a786b54f6296e34344c23bc42f07b15018ff98e9",
                "sha256:832dc0e10feb1aa2c68dcc57dbb658f1c7e65b9b61af69048abc87a2db00a0eb"
            ],
            "version": "==1.11.0"
        },
        "wcwidth": {
            "hashes": [
                "sha256:3df37372226d6e63e1b1e1eda15c594bca98a22d33a23832a90998faa96bc65e",
                "sha256:f4ebe71925af7b40a864553f761ed559b43544f8f71746c2d756c7fe788ade7c"
            ],
            "version": "==0.1.7"
        }
    },
    "develop": {}
}
